
Microsoft Visual Studio Solution File, Format Version 12.00
# Visual Studio Version 17
VisualStudioVersion = 17.3.32804.467
MinimumVisualStudioVersion = 10.0.40219.1
Project("{FAE04EC0-301F-11D3-BF4B-00C04F79EFBC}") = "Oil-And-Fuel-Stock-Tracking-System", "Oil-And-Fuel-Stock-Tracking-System\Oil-And-Fuel-Stock-Tracking-System.csproj", "{B1A65C75-A349-4875-B9B6-A6F951D69E48}"
EndProject
Global
	GlobalSection(SolutionConfigurationPlatforms) = preSolution
		Debug|Any CPU = Debug|Any CPU
		Release|Any CPU = Release|Any CPU
	EndGlobalSection
	GlobalSection(ProjectConfigurationPlatforms) = postSolution
		{B1A65C75-A349-4875-B9B6-A6F951D69E48}.Debug|Any CPU.ActiveCfg = Debug|Any CPU
		{B1A65C75-A349-4875-B9B6-A6F951D69E48}.Debug|Any CPU.Build.0 = Debug|Any CPU
		{B1A65C75-A349-4875-B9B6-A6F951D69E48}.Release|Any CPU.ActiveCfg = Release|Any CPU
		{B1A65C75-A349-4875-B9B6-A6F951D69E48}.Release|Any CPU.Build.0 = Release|Any CPU
	EndGlobalSection
	GlobalSection(SolutionProperties) = preSolution
		HideSolutionNode = FALSE
	EndGlobalSection
	GlobalSection(ExtensibilityGlobals) = postSolution
		SolutionGuid = {CAD857A4-4843-4101-9A09-54BDC8BBF323}
	EndGlobalSection
EndGlobal
